<?xml version="1.0" encoding="utf-8"?>
<Project ToolsVersion="4.0" xmlns="http://schemas.microsoft.com/developer/msbuild/2003">
  <ItemGroup>
    <Filter Include="Source Files">
      <UniqueIdentifier>{4FC737F1-C7A5-4376-A066-2A32D752A2FF}</UniqueIdentifier>
      <Extensions>cpp;c;cc;cxx;c++;cppm;ixx;def;odl;idl;hpj;bat;asm;asmx</Extensions>
    </Filter>
    <Filter Include="Header Files">
      <UniqueIdentifier>{93995380-89BD-4b04-88EB-625FBE52EBFB}</UniqueIdentifier>
      <Extensions>h;hh;hpp;hxx;h++;hm;inl;inc;ipp;xsd</Extensions>
    </Filter>
    <Filter Include="Resource Files">
      <UniqueIdentifier>{67DA6AB6-F800-4c08-8B7A-83BB121AAD01}</UniqueIdentifier>
      <Extensions>rc;ico;cur;bmp;dlg;rc2;rct;bin;rgs;gif;jpg;jpeg;jpe;resx;tiff;tif;png;wav;mfcribbon-ms</Extensions>
    </Filter>
    <Filter Include="Source Files\Main tools">
      <UniqueIdentifier>{ba02963c-13d9-4e91-b7e7-ecf723c76736}</UniqueIdentifier>
    </Filter>
    <Filter Include="Header Files\Main tools">
      <UniqueIdentifier>{023265fc-8efe-48e1-b73b-ded9d7ccde66}</UniqueIdentifier>
    </Filter>
    <Filter Include="Header Files\Entitys">
      <UniqueIdentifier>{1c1bb98b-b316-40b9-ab2b-5b5698e6a870}</UniqueIdentifier>
    </Filter>
    <Filter Include="Header Files\Strategy">
      <UniqueIdentifier>{57f9bce3-0bcf-4448-92a0-58085d9d412c}</UniqueIdentifier>
    </Filter>
    <Filter Include="Header Files\Other">
      <UniqueIdentifier>{9d859149-f031-47e5-8c05-b9b26476da28}</UniqueIdentifier>
    </Filter>
    <Filter Include="Source Files\Entitys">
      <UniqueIdentifier>{07f1813b-cf23-478a-9a75-a6f13ddde898}</UniqueIdentifier>
    </Filter>
    <Filter Include="Source Files\Others">
      <UniqueIdentifier>{f8f85473-1f09-4928-9483-502328268fab}</UniqueIdentifier>
    </Filter>
    <Filter Include="Source Files\Strategy">
      <UniqueIdentifier>{1d992d25-1088-47f5-99f3-8aaafd270506}</UniqueIdentifier>
    </Filter>
  </ItemGroup>
  <ItemGroup>
    <ClInclude Include="Controller.h">
      <Filter>Header Files\Main tools</Filter>
    </ClInclude>
    <ClInclude Include="UI.h">
      <Filter>Header Files\Main tools</Filter>
    </ClInclude>
    <ClInclude Include="Utils.h">
      <Filter>Header Files\Main tools</Filter>
    </ClInclude>
    <ClInclude Include="Carnivore.h">
      <Filter>Header Files\Entitys</Filter>
    </ClInclude>
    <ClInclude Include="AsexualReproduction.h">
      <Filter>Header Files\Strategy</Filter>
    </ClInclude>
    <ClInclude Include="CarnivoreFeeding.h">
      <Filter>Header Files\Strategy</Filter>
    </ClInclude>
    <ClInclude Include="Creature.h">
      <Filter>Header Files\Entitys</Filter>
    </ClInclude>
    <ClInclude Include="Entity.h">
      <Filter>Header Files\Entitys</Filter>
    </ClInclude>
    <ClInclude Include="Grass.h">
      <Filter>Header Files\Entitys</Filter>
    </ClInclude>
    <ClInclude Include="Grid.h">
      <Filter>Header Files\Main tools</Filter>
    </ClInclude>
    <ClInclude Include="Herbivore.h">
      <Filter>Header Files\Entitys</Filter>
    </ClInclude>
    <ClInclude Include="HerbivoreFeeding.h">
      <Filter>Header Files\Strategy</Filter>
    </ClInclude>
    <ClInclude Include="IFeedingStrategy.h">
      <Filter>Header Files\Strategy</Filter>
    </ClInclude>
    <ClInclude Include="IMovementStrategy.h">
      <Filter>Header Files\Strategy</Filter>
    </ClInclude>
    <ClInclude Include="IReproductionStrategy.h">
      <Filter>Header Files\Strategy</Filter>
    </ClInclude>
    <ClInclude Include="MatingReproduction.h">
      <Filter>Header Files\Strategy</Filter>
    </ClInclude>
    <ClInclude Include="RandomMovement.h">
      <Filter>Header Files\Strategy</Filter>
    </ClInclude>
    <ClInclude Include="Omnivore.h">
      <Filter>Header Files\Entitys</Filter>
    </ClInclude>
    <ClInclude Include="Ecosystem.h">
      <Filter>Header Files\Main tools</Filter>
    </ClInclude>
    <ClInclude Include="TargetedMovement.h">
      <Filter>Header Files\Strategy</Filter>
    </ClInclude>
    <ClInclude Include="Resource.h">
      <Filter>Header Files\Entitys</Filter>
    </ClInclude>
    <ClInclude Include="Position.h">
      <Filter>Header Files\Main tools</Filter>
    </ClInclude>
    <ClInclude Include="CreatureDecorator.h">
      <Filter>Header Files\Other</Filter>
    </ClInclude>
    <ClInclude Include="EntityFactory.h">
      <Filter>Header Files\Other</Filter>
    </ClInclude>
    <ClInclude Include="EnvironmentManager.h">
      <Filter>Header Files\Other</Filter>
    </ClInclude>
    <ClInclude Include="EvasiveMovement.h">
      <Filter>Header Files\Strategy</Filter>
    </ClInclude>
    <ClInclude Include="Menu.h">
      <Filter>Header Files\Main tools</Filter>
    </ClInclude>
    <ClInclude Include="Files.h">
      <Filter>Header Files\Main tools</Filter>
    </ClInclude>
  </ItemGroup>
  <ItemGroup>
    <ClCompile Include="Controller.cpp">
      <Filter>Source Files\Main tools</Filter>
    </ClCompile>
    <ClCompile Include="Main.cpp">
      <Filter>Source Files\Main tools</Filter>
    </ClCompile>
    <ClCompile Include="UI.cpp">
      <Filter>Source Files\Main tools</Filter>
    </ClCompile>
    <ClCompile Include="Utils.cpp">
      <Filter>Source Files\Main tools</Filter>
    </ClCompile>
    <ClCompile Include="AsexualReproduction.cpp">
      <Filter>Source Files\Strategy</Filter>
    </ClCompile>
    <ClCompile Include="Carnivore.cpp">
      <Filter>Source Files\Entitys</Filter>
    </ClCompile>
    <ClCompile Include="CarnivoreFeeding.cpp">
      <Filter>Source Files\Strategy</Filter>
    </ClCompile>
    <ClCompile Include="Creature.cpp">
      <Filter>Source Files\Entitys</Filter>
    </ClCompile>
    <ClCompile Include="Ecosystem.cpp">
      <Filter>Source Files\Main tools</Filter>
    </ClCompile>
    <ClCompile Include="CreatureDecorator.cpp">
      <Filter>Source Files\Others</Filter>
    </ClCompile>
    <ClCompile Include="Entity.cpp">
      <Filter>Source Files\Entitys</Filter>
    </ClCompile>
    <ClCompile Include="Grass.cpp">
      <Filter>Source Files\Entitys</Filter>
    </ClCompile>
    <ClCompile Include="Grid.cpp">
      <Filter>Source Files\Main tools</Filter>
    </ClCompile>
    <ClCompile Include="Herbivore.cpp">
      <Filter>Source Files\Entitys</Filter>
    </ClCompile>
    <ClCompile Include="HerbivoreFeeding.cpp">
      <Filter>Source Files\Strategy</Filter>
    </ClCompile>
    <ClCompile Include="IFeedingStrategy.cpp">
      <Filter>Source Files\Strategy</Filter>
    </ClCompile>
    <ClCompile Include="IMovementStrategy.cpp">
      <Filter>Source Files\Strategy</Filter>
    </ClCompile>
    <ClCompile Include="IReproductionStrategy.cpp">
      <Filter>Source Files\Strategy</Filter>
    </ClCompile>
    <ClCompile Include="MatingReproduction.cpp">
      <Filter>Source Files\Strategy</Filter>
    </ClCompile>
    <ClCompile Include="Omnivore.cpp">
      <Filter>Source Files\Entitys</Filter>
    </ClCompile>
    <ClCompile Include="Position.cpp">
      <Filter>Source Files\Main tools</Filter>
    </ClCompile>
    <ClCompile Include="RandomMovement.cpp">
      <Filter>Source Files\Strategy</Filter>
    </ClCompile>
    <ClCompile Include="TargetedMovement.cpp">
      <Filter>Source Files\Strategy</Filter>
    </ClCompile>
    <ClCompile Include="Resource.cpp">
      <Filter>Source Files\Entitys</Filter>
    </ClCompile>
    <ClCompile Include="EnvironmentManager.cpp">
      <Filter>Source Files</Filter>
    </ClCompile>
    <ClCompile Include="EntityFactory.cpp">
      <Filter>Source Files</Filter>
    </ClCompile>
    <ClCompile Include="EvasiveMovement.cpp">
      <Filter>Source Files</Filter>
    </ClCompile>
    <ClCompile Include="Menu.cpp">
      <Filter>Source Files</Filter>
    </ClCompile>
    <ClCompile Include="Files.cpp">
      <Filter>Source Files</Filter>
    </ClCompile>
  </ItemGroup>
</Project>